// !$*UTF8*$!
{
	archiveVersion = 1;
	classes = {
	};
	objectVersion = 46;
	objects = {

/* Begin PBXBuildFile section */
		753CB6D32A0D057C4EB641C4 /* Pods_MovieViewer.framework in Frameworks */ = {isa = PBXBuildFile; fileRef = 5B47D0286E64E24FD608BEE3 /* Pods_MovieViewer.framework */; };
		F8BEDCE41E479E0E00D21EDE /* MovieCollectionViewCell.swift in Sources */ = {isa = PBXBuildFile; fileRef = F8BEDCE31E479E0E00D21EDE /* MovieCollectionViewCell.swift */; };
		F8DC617E1E3FC7C50004CEA7 /* AppDelegate.swift in Sources */ = {isa = PBXBuildFile; fileRef = F8DC617D1E3FC7C50004CEA7 /* AppDelegate.swift */; };
		F8DC61831E3FC7C50004CEA7 /* Main.storyboard in Resources */ = {isa = PBXBuildFile; fileRef = F8DC61811E3FC7C50004CEA7 /* Main.storyboard */; };
		F8DC61851E3FC7C50004CEA7 /* Assets.xcassets in Resources */ = {isa = PBXBuildFile; fileRef = F8DC61841E3FC7C50004CEA7 /* Assets.xcassets */; };
		F8DC61881E3FC7C50004CEA7 /* LaunchScreen.storyboard in Resources */ = {isa = PBXBuildFile; fileRef = F8DC61861E3FC7C50004CEA7 /* LaunchScreen.storyboard */; };
		F8DC61901E3FC8880004CEA7 /* MoviesViewController.swift in Sources */ = {isa = PBXBuildFile; fileRef = F8DC618F1E3FC8880004CEA7 /* MoviesViewController.swift */; };
/* End PBXBuildFile section */

/* Begin PBXFileReference section */
		0A92B311B2D74C715A21E5D7 /* Pods-MovieViewer.release.xcconfig */ = {isa = PBXFileReference; includeInIndex = 1; lastKnownFileType = text.xcconfig; name = "Pods-MovieViewer.release.xcconfig"; path = "Pods/Target Support Files/Pods-MovieViewer/Pods-MovieViewer.release.xcconfig"; sourceTree = "<group>"; };
		5B47D0286E64E24FD608BEE3 /* Pods_MovieViewer.framework */ = {isa = PBXFileReference; explicitFileType = wrapper.framework; includeInIndex = 0; path = Pods_MovieViewer.framework; sourceTree = BUILT_PRODUCTS_DIR; };
		71D7DD7DDEEE047B9F2D4C49 /* Pods-MovieViewer.debug.xcconfig */ = {isa = PBXFileReference; includeInIndex = 1; lastKnownFileType = text.xcconfig; name = "Pods-MovieViewer.debug.xcconfig"; path = "Pods/Target Support Files/Pods-MovieViewer/Pods-MovieViewer.debug.xcconfig"; sourceTree = "<group>"; };
		F8BEDCE31E479E0E00D21EDE /* MovieCollectionViewCell.swift */ = {isa = PBXFileReference; fileEncoding = 4; lastKnownFileType = sourcecode.swift; name = MovieCollectionViewCell.swift; path = ../MovieCollectionViewCell.swift; sourceTree = "<group>"; };
		F8DC617A1E3FC7C50004CEA7 /* MovieViewer.app */ = {isa = PBXFileReference; explicitFileType = wrapper.application; includeInIndex = 0; path = MovieViewer.app; sourceTree = BUILT_PRODUCTS_DIR; };
		F8DC617D1E3FC7C50004CEA7 /* AppDelegate.swift */ = {isa = PBXFileReference; lastKnownFileType = sourcecode.swift; path = AppDelegate.swift; sourceTree = "<group>"; };
		F8DC61821E3FC7C50004CEA7 /* Base */ = {isa = PBXFileReference; lastKnownFileType = file.storyboard; name = Base; path = Base.lproj/Main.storyboard; sourceTree = "<group>"; };
		F8DC61841E3FC7C50004CEA7 /* Assets.xcassets */ = {isa = PBXFileReference; lastKnownFileType = folder.assetcatalog; path = Assets.xcassets; sourceTree = "<group>"; };
		F8DC61871E3FC7C50004CEA7 /* Base */ = {isa = PBXFileReference; lastKnownFileType = file.storyboard; name = Base; path = Base.lproj/LaunchScreen.storyboard; sourceTree = "<group>"; };
		F8DC61891E3FC7C50004CEA7 /* Info.plist */ = {isa = PBXFileReference; lastKnownFileType = text.plist.xml; path = Info.plist; sourceTree = "<group>"; };
		F8DC618F1E3FC8880004CEA7 /* MoviesViewController.swift */ = {isa = PBXFileReference; fileEncoding = 4; lastKnownFileType = sourcecode.swift; path = MoviesViewController.swift; sourceTree = "<group>"; };
/* End PBXFileReference section */

/* Begin PBXFrameworksBuildPhase section */
		F8DC61771E3FC7C50004CEA7 /* Frameworks */ = {
			isa = PBXFrameworksBuildPhase;
			buildActionMask = 2147483647;
			files = (
				753CB6D32A0D057C4EB641C4 /* Pods_MovieViewer.framework in Frameworks */,
			);
			runOnlyForDeploymentPostprocessing = 0;
		};
/* End PBXFrameworksBuildPhase section */

/* Begin PBXGroup section */
		DC6DD20F015A4530C229FCCB /* Frameworks */ = {
			isa = PBXGroup;
			children = (
				5B47D0286E64E24FD608BEE3 /* Pods_MovieViewer.framework */,
			);
			name = Frameworks;
			sourceTree = "<group>";
		};
		F65B50D2D4451D16FC4F8871 /* Pods */ = {
			isa = PBXGroup;
			children = (
				71D7DD7DDEEE047B9F2D4C49 /* Pods-MovieViewer.debug.xcconfig */,
				0A92B311B2D74C715A21E5D7 /* Pods-MovieViewer.release.xcconfig */,
			);
			name = Pods;
			sourceTree = "<group>";
		};
		F8DC61711E3FC7C50004CEA7 = {
			isa = PBXGroup;
			children = (
				F8DC617C1E3FC7C50004CEA7 /* MovieViewer */,
				F8DC617B1E3FC7C50004CEA7 /* Products */,
				F65B50D2D4451D16FC4F8871 /* Pods */,
				DC6DD20F015A4530C229FCCB /* Frameworks */,
			);
			sourceTree = "<group>";
		};
		F8DC617B1E3FC7C50004CEA7 /* Products */ = {
			isa = PBXGroup;
			children = (
				F8DC617A1E3FC7C50004CEA7 /* MovieViewer.app */,
			);
			name = Products;
			sourceTree = "<group>";
		};
		F8DC617C1E3FC7C50004CEA7 /* MovieViewer */ = {
			isa = PBXGroup;
			children = (
				F8DC61941E3FCE6D0004CEA7 /* ViewController */,
				F8DC61911E3FCE440004CEA7 /* Views */,
				F8DC617D1E3FC7C50004CEA7 /* AppDelegate.swift */,
				F8DC61811E3FC7C50004CEA7 /* Main.storyboard */,
				F8DC61841E3FC7C50004CEA7 /* Assets.xcassets */,
				F8DC61861E3FC7C50004CEA7 /* LaunchScreen.storyboard */,
				F8DC61891E3FC7C50004CEA7 /* Info.plist */,
			);
			path = MovieViewer;
			sourceTree = "<group>";
		};
		F8DC61911E3FCE440004CEA7 /* Views */ = {
			isa = PBXGroup;
			children = (
				F8BEDCE31E479E0E00D21EDE /* MovieCollectionViewCell.swift */,
			);
			name = Views;
			sourceTree = "<group>";
		};
		F8DC61941E3FCE6D0004CEA7 /* ViewController */ = {
			isa = PBXGroup;
			children = (
				F8DC618F1E3FC8880004CEA7 /* MoviesViewController.swift */,
			);
			name = ViewController;
			sourceTree = "<group>";
		};
/* End PBXGroup section */

/* Begin PBXNativeTarget section */
		F8DC61791E3FC7C50004CEA7 /* MovieViewer */ = {
			isa = PBXNativeTarget;
			buildConfigurationList = F8DC618C1E3FC7C50004CEA7 /* Build configuration list for PBXNativeTarget "MovieViewer" */;
			buildPhases = (
				4A16A71DDDFC2061E5D49844 /* [CP] Check Pods Manifest.lock */,
				F8DC61761E3FC7C50004CEA7 /* Sources */,
				F8DC61771E3FC7C50004CEA7 /* Frameworks */,
				F8DC61781E3FC7C50004CEA7 /* Resources */,
				D37657A907F3B936198135CB /* [CP] Embed Pods Frameworks */,
				187743731822B559759BCE3B /* [CP] Copy Pods Resources */,
			);
			buildRules = (
			);
			dependencies = (
			);
			name = MovieViewer;
			productName = MovieViewer;
			productReference = F8DC617A1E3FC7C50004CEA7 /* MovieViewer.app */;
			productType = "com.apple.product-type.application";
		};
/* End PBXNativeTarget section */

/* Begin PBXProject section */
		F8DC61721E3FC7C50004CEA7 /* Project object */ = {
			isa = PBXProject;
			attributes = {
				LastSwiftUpdateCheck = 0800;
				LastUpgradeCheck = 0800;
				ORGANIZATIONNAME = "Vaidehi Duraphe";
				TargetAttributes = {
					F8DC61791E3FC7C50004CEA7 = {
						CreatedOnToolsVersion = 8.0;
						ProvisioningStyle = Automatic;
					};
				};
			};
			buildConfigurationList = F8DC61751E3FC7C50004CEA7 /* Build configuration list for PBXProject "MovieViewer" */;
			compatibilityVersion = "Xcode 3.2";
			developmentRegion = English;
			hasScannedForEncodings = 0;
			knownRegions = (
				en,
				Base,
			);
			mainGroup = F8DC61711E3FC7C50004CEA7;
			productRefGroup = F8DC617B1E3FC7C50004CEA7 /* Products */;
			projectDirPath = "";
			projectRoot = "";
			targets = (
				F8DC61791E3FC7C50004CEA7 /* MovieViewer */,
			);
		};
/* End PBXProject section */

/* Begin PBXResourcesBuildPhase section */
		F8DC61781E3FC7C50004CEA7 /* Resources */ = {
			isa = PBXResourcesBuildPhase;
			buildActionMask = 2147483647;
			files = (
				F8DC61881E3FC7C50004CEA7 /* LaunchScreen.storyboard in Resources */,
				F8DC61851E3FC7C50004CEA7 /* Assets.xcassets in Resources */,
				F8DC61831E3FC7C50004CEA7 /* Main.storyboard in Resources */,
			);
			runOnlyForDeploymentPostprocessing = 0;
		};
/* End PBXResourcesBuildPhase section */

/* Begin PBXShellScriptBuildPhase section */
		187743731822B559759BCE3B /* [CP] Copy Pods Resources */ = {
			isa = PBXShellScriptBuildPhase;
			buildActionMask = 2147483647;
			files = (
			);
			inputPaths = (
			);
			name = "[CP] Copy Pods Resources";
			outputPaths = (
			);
			runOnlyForDeploymentPostprocessing = 0;
			shellPath = /bin/sh;
			shellScript = "\"${SRCROOT}/Pods/Target Support Files/Pods-MovieViewer/Pods-MovieViewer-resources.sh\"\n";
			showEnvVarsInLog = 0;
		};
		4A16A71DDDFC2061E5D49844 /* [CP] Check Pods Manifest.lock */ = {
			isa = PBXShellScriptBuildPhase;
			buildActionMask = 2147483647;
			files = (
			);
			inputPaths = (
			);
			name = "[CP] Check Pods Manifest.lock";
			outputPaths = (
			);
			runOnlyForDeploymentPostprocessing = 0;
			shellPath = /bin/sh;
			shellScript = "diff \"${PODS_ROOT}/../Podfile.lock\" \"${PODS_ROOT}/Manifest.lock\" > /dev/null\nif [ $? != 0 ] ; then\n    # print error to STDERR\n    echo \"error: The sandbox is not in sync with the Podfile.lock. Run 'pod install' or update your CocoaPods installation.\" >&2\n    exit 1\nfi\n";
			showEnvVarsInLog = 0;
		};
		D37657A907F3B936198135CB /* [CP] Embed Pods Frameworks */ = {
			isa = PBXShellScriptBuildPhase;
			buildActionMask = 2147483647;
			files = (
			);
			inputPaths = (
			);
			name = "[CP] Embed Pods Frameworks";
			outputPaths = (
			);
			runOnlyForDeploymentPostprocessing = 0;
			shellPath = /bin/sh;
			shellScript = "\"${SRCROOT}/Pods/Target Support Files/Pods-MovieViewer/Pods-MovieViewer-frameworks.sh\"\n";
			showEnvVarsInLog = 0;
		};
/* End PBXShellScriptBuildPhase section */

/* Begin PBXSourcesBuildPhase section */
		F8DC61761E3FC7C50004CEA7 /* Sources */ = {
			isa = PBXSourcesBuildPhase;
			buildActionMask = 2147483647;
			files = (
				F8DC617E1E3FC7C50004CEA7 /* AppDelegate.swift in Sources */,
				F8DC61901E3FC8880004CEA7 /* MoviesViewController.swift in Sources */,
				F8BEDCE41E479E0E00D21EDE /* MovieCollectionViewCell.swift in Sources */,
			);
			runOnlyForDeploymentPostprocessing = 0;
		};
/* End PBXSourcesBuildPhase section */

/* Begin PBXVariantGroup section */
		F8DC61811E3FC7C50004CEA7 /* Main.storyboard */ = {
			isa = PBXVariantGroup;
			children = (
				F8DC61821E3FC7C50004CEA7 /* Base */,
			);
			name = Main.storyboard;
			sourceTree = "<group>";
		};
		F8DC61861E3FC7C50004CEA7 /* LaunchScreen.storyboard */ = {
			isa = PBXVariantGroup;
			children = (
				F8DC61871E3FC7C50004CEA7 /* Base */,
			);
			name = LaunchScreen.storyboard;
			sourceTree = "<group>";
		};
/* End PBXVariantGroup section */

/* Begin XCBuildConfiguration section */
		F8DC618A1E3FC7C50004CEA7 /* Debug */ = {
			isa = XCBuildConfiguration;
			buildSettings = {
				ALWAYS_SEARCH_USER_PATHS = NO;
				CLANG_ANALYZER_NONNULL = YES;
				CLANG_CXX_LANGUAGE_STANDARD = "gnu++0x";
				CLANG_CXX_LIBRARY = "libc++";
				CLANG_ENABLE_MODULES = YES;
				CLANG_ENABLE_OBJC_ARC = YES;
				CLANG_WARN_BOOL_CONVERSION = YES;
				CLANG_WARN_CONSTANT_CONVERSION = YES;
				CLANG_WARN_DIRECT_OBJC_ISA_USAGE = YES_ERROR;
				CLANG_WARN_DOCUMENTATION_COMMENTS = YES;
				CLANG_WARN_EMPTY_BODY = YES;
				CLANG_WARN_ENUM_CONVERSION = YES;
				CLANG_WARN_INFINITE_RECURSION = YES;
				CLANG_WARN_INT_CONVERSION = YES;
				CLANG_WARN_OBJC_ROOT_CLASS = YES_ERROR;
				CLANG_WARN_SUSPICIOUS_MOVES = YES;
				CLANG_WARN_UNREACHABLE_CODE = YES;
				CLANG_WARN__DUPLICATE_METHOD_MATCH = YES;
				"CODE_SIGN_IDENTITY[sdk=iphoneos*]" = "iPhone Developer";
				COPY_PHASE_STRIP = NO;
				DEBUG_INFORMATION_FORMAT = dwarf;
				ENABLE_STRICT_OBJC_MSGSEND = YES;
				ENABLE_TESTABILITY = YES;
				GCC_C_LANGUAGE_STANDARD = gnu99;
				GCC_DYNAMIC_NO_PIC = NO;
				GCC_NO_COMMON_BLOCKS = YES;
				GCC_OPTIMIZATION_LEVEL = 0;
				GCC_PREPROCESSOR_DEFINITIONS = (
					"DEBUG=1",
					"$(inherited)",
				);
				GCC_WARN_64_TO_32_BIT_CONVERSION = YES;
				GCC_WARN_ABOUT_RETURN_TYPE = YES_ERROR;
				GCC_WARN_UNDECLARED_SELECTOR = YES;
				GCC_WARN_UNINITIALIZED_AUTOS = YES_AGGRESSIVE;
				GCC_WARN_UNUSED_FUNCTION = YES;
				GCC_WARN_UNUSED_VARIABLE = YES;
				IPHONEOS_DEPLOYMENT_TARGET = 10.0;
				MTL_ENABLE_DEBUG_INFO = YES;
				ONLY_ACTIVE_ARCH = YES;
				SDKROOT = iphoneos;
				SWIFT_ACTIVE_COMPILATION_CONDITIONS = DEBUG;
				SWIFT_OPTIMIZATION_LEVEL = "-Onone";
			};
			name = Debug;
		};
		F8DC618B1E3FC7C50004CEA7 /* Release */ = {
			isa = XCBuildConfiguration;
			buildSettings = {
				ALWAYS_SEARCH_USER_PATHS = NO;
				CLANG_ANALYZER_NONNULL = YES;
				CLANG_CXX_LANGUAGE_STANDARD = "gnu++0x";
				CLANG_CXX_LIBRARY = "libc++";
				CLANG_ENABLE_MODULES = YES;
				CLANG_ENABLE_OBJC_ARC = YES;
				CLANG_WARN_BOOL_CONVERSION = YES;
				CLANG_WARN_CONSTANT_CONVERSION = YES;
				CLANG_WARN_DIRECT_OBJC_ISA_USAGE = YES_ERROR;
				CLANG_WARN_DOCUMENTATION_COMMENTS = YES;
				CLANG_WARN_EMPTY_BODY = YES;
				CLANG_WARN_ENUM_CONVERSION = YES;
				CLANG_WARN_INFINITE_RECURSION = YES;
				CLANG_WARN_INT_CONVERSION = YES;
				CLANG_WARN_OBJC_ROOT_CLASS = YES_ERROR;
				CLANG_WARN_SUSPICIOUS_MOVES = YES;
				CLANG_WARN_UNREACHABLE_CODE = YES;
				CLANG_WARN__DUPLICATE_METHOD_MATCH = YES;
				"CODE_SIGN_IDENTITY[sdk=iphoneos*]" = "iPhone Developer";
				COPY_PHASE_STRIP = NO;
				DEBUG_INFORMATION_FORMAT = "dwarf-with-dsym";
				ENABLE_NS_ASSERTIONS = NO;
				ENABLE_STRICT_OBJC_MSGSEND = YES;
				GCC_C_LANGUAGE_STANDARD = gnu99;
				GCC_NO_COMMON_BLOCKS = YES;
				GCC_WARN_64_TO_32_BIT_CONVERSION = YES;
				GCC_WARN_ABOUT_RETURN_TYPE = YES_ERROR;
				GCC_WARN_UNDECLARED_SELECTOR = YES;
				GCC_WARN_UNINITIALIZED_AUTOS = YES_AGGRESSIVE;
				GCC_WARN_UNUSED_FUNCTION = YES;
				GCC_WARN_UNUSED_VARIABLE = YES;
				IPHONEOS_DEPLOYMENT_TARGET = 10.0;
				MTL_ENABLE_DEBUG_INFO = NO;
				SDKROOT = iphoneos;
				SWIFT_OPTIMIZATION_LEVEL = "-Owholemodule";
				VALIDATE_PRODUCT = YES;
			};
			name = Release;
		};
		F8DC618D1E3FC7C50004CEA7 /* Debug */ = {
			isa = XCBuildConfiguration;
			baseConfigurationReference = 71D7DD7DDEEE047B9F2D4C49 /* Pods-MovieViewer.debug.xcconfig */;
			buildSettings = {
				ASSETCATALOG_COMPILER_APPICON_NAME = AppIcon;
				INFOPLIST_FILE = MovieViewer/Info.plist;
				LD_RUNPATH_SEARCH_PATHS = "$(inherited) @executable_path/Frameworks";
				PRODUCT_BUNDLE_IDENTIFIER = codepath.MovieViewer;
				PRODUCT_NAME = "$(TARGET_NAME)";
				SWIFT_VERSION = 3.0;
			};
			name = Debug;
		};
		F8DC618E1E3FC7C50004CEA7 /* Release */ = {
			isa = XCBuildConfiguration;
			baseConfigurationReference = 0A92B311B2D74C715A21E5D7 /* Pods-MovieViewer.release.xcconfig */;
			buildSettings = {
				ASSETCATALOG_COMPILER_APPICON_NAME = AppIcon;
				INFOPLIST_FILE = MovieViewer/Info.plist;
				LD_RUNPATH_SEARCH_PATHS = "$(inherited) @executable_path/Frameworks";
				PRODUCT_BUNDLE_IDENTIFIER = codepath.MovieViewer;
				PRODUCT_NAME = "$(TARGET_NAME)";
				SWIFT_VERSION = 3.0;
			};
			name = Release;
		};
/* End XCBuildConfiguration section */

/* Begin XCConfigurationList section */
		F8DC61751E3FC7C50004CEA7 /* Build configuration list for PBXProject "MovieViewer" */ = {
			isa = XCConfigurationList;
			buildConfigurations = (
				F8DC618A1E3FC7C50004CEA7 /* Debug */,
				F8DC618B1E3FC7C50004CEA7 /* Release */,
			);
			defaultConfigurationIsVisible = 0;
			defaultConfigurationName = Release;
		};
		F8DC618C1E3FC7C50004CEA7 /* Build configuration list for PBXNativeTarget "MovieViewer" */ = {
			isa = XCConfigurationList;
			buildConfigurations = (
				F8DC618D1E3FC7C50004CEA7 /* Debug */,
				F8DC618E1E3FC7C50004CEA7 /* Release */,
			);
			defaultConfigurationIsVisible = 0;
			defaultConfigurationName = Release;
		};
/* End XCConfigurationList section */
	};
	rootObject = F8DC61721E3FC7C50004CEA7 /* Project object */;
}
